// !$*UTF8*$!
{
	archiveVersion = 1;
	classes = {
	};
	objectVersion = 50;
	objects = {

/* Begin PBXBuildFile section */
		4655B45020D54A380010E50D /* AppDelegate.swift in Sources */ = {isa = PBXBuildFile; fileRef = 4655B44F20D54A380010E50D /* AppDelegate.swift */; };
		4655B45220D54A380010E50D /* ViewController.swift in Sources */ = {isa = PBXBuildFile; fileRef = 4655B45120D54A380010E50D /* ViewController.swift */; };
		4655B45520D54A380010E50D /* Main.storyboard in Resources */ = {isa = PBXBuildFile; fileRef = 4655B45320D54A380010E50D /* Main.storyboard */; };
		4655B45720D54A390010E50D /* Assets.xcassets in Resources */ = {isa = PBXBuildFile; fileRef = 4655B45620D54A390010E50D /* Assets.xcassets */; };
		4655B45A20D54A390010E50D /* LaunchScreen.storyboard in Resources */ = {isa = PBXBuildFile; fileRef = 4655B45820D54A390010E50D /* LaunchScreen.storyboard */; };
		4655B46520D54A390010E50D /* SBCycleScrollViewDemoTests.swift in Sources */ = {isa = PBXBuildFile; fileRef = 4655B46420D54A390010E50D /* SBCycleScrollViewDemoTests.swift */; };
		4655B47020D54A390010E50D /* SBCycleScrollViewDemoUITests.swift in Sources */ = {isa = PBXBuildFile; fileRef = 4655B46F20D54A390010E50D /* SBCycleScrollViewDemoUITests.swift */; };
		4655B48F20D54AE00010E50D /* SBCollectionViewCell.swift in Sources */ = {isa = PBXBuildFile; fileRef = 4655B47F20D54AE00010E50D /* SBCollectionViewCell.swift */; };
		4655B49020D54AE00010E50D /* UIView+Extension.swift in Sources */ = {isa = PBXBuildFile; fileRef = 4655B48020D54AE00010E50D /* UIView+Extension.swift */; };
		4655B49120D54AE00010E50D /* SBCycleScrollView.swift in Sources */ = {isa = PBXBuildFile; fileRef = 4655B48120D54AE00010E50D /* SBCycleScrollView.swift */; };
		4655B49220D54AE00010E50D /* CHIBasePageControl.swift in Sources */ = {isa = PBXBuildFile; fileRef = 4655B48420D54AE00010E50D /* CHIBasePageControl.swift */; };
		4655B49320D54AE00010E50D /* CHIPageControlJalapeno.swift in Sources */ = {isa = PBXBuildFile; fileRef = 4655B48520D54AE00010E50D /* CHIPageControlJalapeno.swift */; };
		4655B49420D54AE00010E50D /* CHIPageControlAleppo.swift in Sources */ = {isa = PBXBuildFile; fileRef = 4655B48620D54AE00010E50D /* CHIPageControlAleppo.swift */; };
		4655B49520D54AE00010E50D /* CHIPageControlJaloro.swift in Sources */ = {isa = PBXBuildFile; fileRef = 4655B48720D54AE00010E50D /* CHIPageControlJaloro.swift */; };
		4655B49620D54AE00010E50D /* CHIPageControlChimayo.swift in Sources */ = {isa = PBXBuildFile; fileRef = 4655B48820D54AE00010E50D /* CHIPageControlChimayo.swift */; };
		4655B49720D54AE00010E50D /* CHIPageControlPuya.swift in Sources */ = {isa = PBXBuildFile; fileRef = 4655B48920D54AE00010E50D /* CHIPageControlPuya.swift */; };
		4655B49820D54AE00010E50D /* CHIPageControllable.swift in Sources */ = {isa = PBXBuildFile; fileRef = 4655B48A20D54AE00010E50D /* CHIPageControllable.swift */; };
		4655B49920D54AE00010E50D /* CHIPageControlPaprika.swift in Sources */ = {isa = PBXBuildFile; fileRef = 4655B48B20D54AE00010E50D /* CHIPageControlPaprika.swift */; };
		4655B49A20D54AE00010E50D /* CHIPageControlAji.swift in Sources */ = {isa = PBXBuildFile; fileRef = 4655B48C20D54AE00010E50D /* CHIPageControlAji.swift */; };
		4655B49B20D54AE00010E50D /* CHILayer.swift in Sources */ = {isa = PBXBuildFile; fileRef = 4655B48D20D54AE00010E50D /* CHILayer.swift */; };
		4655B49C20D54AE00010E50D /* Info.plist in Resources */ = {isa = PBXBuildFile; fileRef = 4655B48E20D54AE00010E50D /* Info.plist */; };
		4655B4A220D54B090010E50D /* place.jpg in Resources */ = {isa = PBXBuildFile; fileRef = 4655B49D20D54B090010E50D /* place.jpg */; };
		4655B4A320D54B090010E50D /* 1.jpg in Resources */ = {isa = PBXBuildFile; fileRef = 4655B49E20D54B090010E50D /* 1.jpg */; };
		4655B4A420D54B090010E50D /* 2.jpg in Resources */ = {isa = PBXBuildFile; fileRef = 4655B49F20D54B090010E50D /* 2.jpg */; };
		4655B4A520D54B0A0010E50D /* 3.jpg in Resources */ = {isa = PBXBuildFile; fileRef = 4655B4A020D54B090010E50D /* 3.jpg */; };
		4655B4A620D54B0A0010E50D /* DemoCell.swift in Sources */ = {isa = PBXBuildFile; fileRef = 4655B4A120D54B090010E50D /* DemoCell.swift */; };
		A16E963CA85E50CA21B8D310 /* Pods_SBCycleScrollViewDemo.framework in Frameworks */ = {isa = PBXBuildFile; fileRef = D214B81CB6337ECF96CEC751 /* Pods_SBCycleScrollViewDemo.framework */; };
/* End PBXBuildFile section */

/* Begin PBXContainerItemProxy section */
		4655B46120D54A390010E50D /* PBXContainerItemProxy */ = {
			isa = PBXContainerItemProxy;
			containerPortal = 4655B44420D54A380010E50D /* Project object */;
			proxyType = 1;
			remoteGlobalIDString = 4655B44B20D54A380010E50D;
			remoteInfo = SBCycleScrollViewDemo;
		};
		4655B46C20D54A390010E50D /* PBXContainerItemProxy */ = {
			isa = PBXContainerItemProxy;
			containerPortal = 4655B44420D54A380010E50D /* Project object */;
			proxyType = 1;
			remoteGlobalIDString = 4655B44B20D54A380010E50D;
			remoteInfo = SBCycleScrollViewDemo;
		};
/* End PBXContainerItemProxy section */

/* Begin PBXFileReference section */
		4655B44C20D54A380010E50D /* SBCycleScrollViewDemo.app */ = {isa = PBXFileReference; explicitFileType = wrapper.application; includeInIndex = 0; path = SBCycleScrollViewDemo.app; sourceTree = BUILT_PRODUCTS_DIR; };
		4655B44F20D54A380010E50D /* AppDelegate.swift */ = {isa = PBXFileReference; lastKnownFileType = sourcecode.swift; path = AppDelegate.swift; sourceTree = "<group>"; };
		4655B45120D54A380010E50D /* ViewController.swift */ = {isa = PBXFileReference; lastKnownFileType = sourcecode.swift; path = ViewController.swift; sourceTree = "<group>"; };
		4655B45420D54A380010E50D /* Base */ = {isa = PBXFileReference; lastKnownFileType = file.storyboard; name = Base; path = Base.lproj/Main.storyboard; sourceTree = "<group>"; };
		4655B45620D54A390010E50D /* Assets.xcassets */ = {isa = PBXFileReference; lastKnownFileType = folder.assetcatalog; path = Assets.xcassets; sourceTree = "<group>"; };
		4655B45920D54A390010E50D /* Base */ = {isa = PBXFileReference; lastKnownFileType = file.storyboard; name = Base; path = Base.lproj/LaunchScreen.storyboard; sourceTree = "<group>"; };
		4655B45B20D54A390010E50D /* Info.plist */ = {isa = PBXFileReference; lastKnownFileType = text.plist.xml; path = Info.plist; sourceTree = "<group>"; };
		4655B46020D54A390010E50D /* SBCycleScrollViewDemoTests.xctest */ = {isa = PBXFileReference; explicitFileType = wrapper.cfbundle; includeInIndex = 0; path = SBCycleScrollViewDemoTests.xctest; sourceTree = BUILT_PRODUCTS_DIR; };
		4655B46420D54A390010E50D /* SBCycleScrollViewDemoTests.swift */ = {isa = PBXFileReference; lastKnownFileType = sourcecode.swift; path = SBCycleScrollViewDemoTests.swift; sourceTree = "<group>"; };
		4655B46620D54A390010E50D /* Info.plist */ = {isa = PBXFileReference; lastKnownFileType = text.plist.xml; path = Info.plist; sourceTree = "<group>"; };
		4655B46B20D54A390010E50D /* SBCycleScrollViewDemoUITests.xctest */ = {isa = PBXFileReference; explicitFileType = wrapper.cfbundle; includeInIndex = 0; path = SBCycleScrollViewDemoUITests.xctest; sourceTree = BUILT_PRODUCTS_DIR; };
		4655B46F20D54A390010E50D /* SBCycleScrollViewDemoUITests.swift */ = {isa = PBXFileReference; lastKnownFileType = sourcecode.swift; path = SBCycleScrollViewDemoUITests.swift; sourceTree = "<group>"; };
		4655B47120D54A390010E50D /* Info.plist */ = {isa = PBXFileReference; lastKnownFileType = text.plist.xml; path = Info.plist; sourceTree = "<group>"; };
		4655B47F20D54AE00010E50D /* SBCollectionViewCell.swift */ = {isa = PBXFileReference; fileEncoding = 4; lastKnownFileType = sourcecode.swift; path = SBCollectionViewCell.swift; sourceTree = "<group>"; };
		4655B48020D54AE00010E50D /* UIView+Extension.swift */ = {isa = PBXFileReference; fileEncoding = 4; lastKnownFileType = sourcecode.swift; path = "UIView+Extension.swift"; sourceTree = "<group>"; };
		4655B48120D54AE00010E50D /* SBCycleScrollView.swift */ = {isa = PBXFileReference; fileEncoding = 4; lastKnownFileType = sourcecode.swift; path = SBCycleScrollView.swift; sourceTree = "<group>"; };
		4655B48320D54AE00010E50D /* CHIPageControl.h */ = {isa = PBXFileReference; fileEncoding = 4; lastKnownFileType = sourcecode.c.h; path = CHIPageControl.h; sourceTree = "<group>"; };
		4655B48420D54AE00010E50D /* CHIBasePageControl.swift */ = {isa = PBXFileReference; fileEncoding = 4; lastKnownFileType = sourcecode.swift; path = CHIBasePageControl.swift; sourceTree = "<group>"; };
		4655B48520D54AE00010E50D /* CHIPageControlJalapeno.swift */ = {isa = PBXFileReference; fileEncoding = 4; lastKnownFileType = sourcecode.swift; path = CHIPageControlJalapeno.swift; sourceTree = "<group>"; };
		4655B48620D54AE00010E50D /* CHIPageControlAleppo.swift */ = {isa = PBXFileReference; fileEncoding = 4; lastKnownFileType = sourcecode.swift; path = CHIPageControlAleppo.swift; sourceTree = "<group>"; };
		4655B48720D54AE00010E50D /* CHIPageControlJaloro.swift */ = {isa = PBXFileReference; fileEncoding = 4; lastKnownFileType = sourcecode.swift; path = CHIPageControlJaloro.swift; sourceTree = "<group>"; };
		4655B48820D54AE00010E50D /* CHIPageControlChimayo.swift */ = {isa = PBXFileReference; fileEncoding = 4; lastKnownFileType = sourcecode.swift; path = CHIPageControlChimayo.swift; sourceTree = "<group>"; };
		4655B48920D54AE00010E50D /* CHIPageControlPuya.swift */ = {isa = PBXFileReference; fileEncoding = 4; lastKnownFileType = sourcecode.swift; path = CHIPageControlPuya.swift; sourceTree = "<group>"; };
		4655B48A20D54AE00010E50D /* CHIPageControllable.swift */ = {isa = PBXFileReference; fileEncoding = 4; lastKnownFileType = sourcecode.swift; path = CHIPageControllable.swift; sourceTree = "<group>"; };
		4655B48B20D54AE00010E50D /* CHIPageControlPaprika.swift */ = {isa = PBXFileReference; fileEncoding = 4; lastKnownFileType = sourcecode.swift; path = CHIPageControlPaprika.swift; sourceTree = "<group>"; };
		4655B48C20D54AE00010E50D /* CHIPageControlAji.swift */ = {isa = PBXFileReference; fileEncoding = 4; lastKnownFileType = sourcecode.swift; path = CHIPageControlAji.swift; sourceTree = "<group>"; };
		4655B48D20D54AE00010E50D /* CHILayer.swift */ = {isa = PBXFileReference; fileEncoding = 4; lastKnownFileType = sourcecode.swift; path = CHILayer.swift; sourceTree = "<group>"; };
		4655B48E20D54AE00010E50D /* Info.plist */ = {isa = PBXFileReference; fileEncoding = 4; lastKnownFileType = text.plist.xml; path = Info.plist; sourceTree = "<group>"; };
		4655B49D20D54B090010E50D /* place.jpg */ = {isa = PBXFileReference; lastKnownFileType = image.jpeg; path = place.jpg; sourceTree = "<group>"; };
		4655B49E20D54B090010E50D /* 1.jpg */ = {isa = PBXFileReference; lastKnownFileType = image.jpeg; path = 1.jpg; sourceTree = "<group>"; };
		4655B49F20D54B090010E50D /* 2.jpg */ = {isa = PBXFileReference; lastKnownFileType = image.jpeg; path = 2.jpg; sourceTree = "<group>"; };
		4655B4A020D54B090010E50D /* 3.jpg */ = {isa = PBXFileReference; lastKnownFileType = image.jpeg; path = 3.jpg; sourceTree = "<group>"; };
		4655B4A120D54B090010E50D /* DemoCell.swift */ = {isa = PBXFileReference; fileEncoding = 4; lastKnownFileType = sourcecode.swift; path = DemoCell.swift; sourceTree = "<group>"; };
		57613FEE067D3F6F17F18EDD /* Pods-SBCycleScrollViewDemo.debug.xcconfig */ = {isa = PBXFileReference; includeInIndex = 1; lastKnownFileType = text.xcconfig; name = "Pods-SBCycleScrollViewDemo.debug.xcconfig"; path = "Pods/Target Support Files/Pods-SBCycleScrollViewDemo/Pods-SBCycleScrollViewDemo.debug.xcconfig"; sourceTree = "<group>"; };
		A6E9683E243A5E9D37B02CB6 /* Pods-SBCycleScrollViewDemo.release.xcconfig */ = {isa = PBXFileReference; includeInIndex = 1; lastKnownFileType = text.xcconfig; name = "Pods-SBCycleScrollViewDemo.release.xcconfig"; path = "Pods/Target Support Files/Pods-SBCycleScrollViewDemo/Pods-SBCycleScrollViewDemo.release.xcconfig"; sourceTree = "<group>"; };
		D214B81CB6337ECF96CEC751 /* Pods_SBCycleScrollViewDemo.framework */ = {isa = PBXFileReference; explicitFileType = wrapper.framework; includeInIndex = 0; path = Pods_SBCycleScrollViewDemo.framework; sourceTree = BUILT_PRODUCTS_DIR; };
/* End PBXFileReference section */

/* Begin PBXFrameworksBuildPhase section */
		4655B44920D54A380010E50D /* Frameworks */ = {
			isa = PBXFrameworksBuildPhase;
			buildActionMask = 2147483647;
			files = (
				A16E963CA85E50CA21B8D310 /* Pods_SBCycleScrollViewDemo.framework in Frameworks */,
			);
			runOnlyForDeploymentPostprocessing = 0;
		};
		4655B45D20D54A390010E50D /* Frameworks */ = {
			isa = PBXFrameworksBuildPhase;
			buildActionMask = 2147483647;
			files = (
			);
			runOnlyForDeploymentPostprocessing = 0;
		};
		4655B46820D54A390010E50D /* Frameworks */ = {
			isa = PBXFrameworksBuildPhase;
			buildActionMask = 2147483647;
			files = (
			);
			runOnlyForDeploymentPostprocessing = 0;
		};
/* End PBXFrameworksBuildPhase section */

/* Begin PBXGroup section */
		4655B44320D54A380010E50D = {
			isa = PBXGroup;
			children = (
				4655B44E20D54A380010E50D /* SBCycleScrollViewDemo */,
				4655B46320D54A390010E50D /* SBCycleScrollViewDemoTests */,
				4655B46E20D54A390010E50D /* SBCycleScrollViewDemoUITests */,
				4655B44D20D54A380010E50D /* Products */,
				5890FB0998D530CB6CB22235 /* Pods */,
				CFE68342011B73FF76FF4DA8 /* Frameworks */,
			);
			sourceTree = "<group>";
		};
		4655B44D20D54A380010E50D /* Products */ = {
			isa = PBXGroup;
			children = (
				4655B44C20D54A380010E50D /* SBCycleScrollViewDemo.app */,
				4655B46020D54A390010E50D /* SBCycleScrollViewDemoTests.xctest */,
				4655B46B20D54A390010E50D /* SBCycleScrollViewDemoUITests.xctest */,
			);
			name = Products;
			sourceTree = "<group>";
		};
		4655B44E20D54A380010E50D /* SBCycleScrollViewDemo */ = {
			isa = PBXGroup;
			children = (
				4655B47D20D54AE00010E50D /* SBCycleScrollView */,
				4655B44F20D54A380010E50D /* AppDelegate.swift */,
				4655B45120D54A380010E50D /* ViewController.swift */,
				4655B4A120D54B090010E50D /* DemoCell.swift */,
				4655B49E20D54B090010E50D /* 1.jpg */,
				4655B49F20D54B090010E50D /* 2.jpg */,
				4655B4A020D54B090010E50D /* 3.jpg */,
				4655B49D20D54B090010E50D /* place.jpg */,
				4655B45320D54A380010E50D /* Main.storyboard */,
				4655B45620D54A390010E50D /* Assets.xcassets */,
				4655B45820D54A390010E50D /* LaunchScreen.storyboard */,
				4655B45B20D54A390010E50D /* Info.plist */,
			);
			path = SBCycleScrollViewDemo;
			sourceTree = "<group>";
		};
		4655B46320D54A390010E50D /* SBCycleScrollViewDemoTests */ = {
			isa = PBXGroup;
			children = (
				4655B46420D54A390010E50D /* SBCycleScrollViewDemoTests.swift */,
				4655B46620D54A390010E50D /* Info.plist */,
			);
			path = SBCycleScrollViewDemoTests;
			sourceTree = "<group>";
		};
		4655B46E20D54A390010E50D /* SBCycleScrollViewDemoUITests */ = {
			isa = PBXGroup;
			children = (
				4655B46F20D54A390010E50D /* SBCycleScrollViewDemoUITests.swift */,
				4655B47120D54A390010E50D /* Info.plist */,
			);
			path = SBCycleScrollViewDemoUITests;
			sourceTree = "<group>";
		};
		4655B47D20D54AE00010E50D /* SBCycleScrollView */ = {
			isa = PBXGroup;
			children = (
				4655B47E20D54AE00010E50D /* Core */,
				4655B48220D54AE00010E50D /* CHIPageControl */,
			);
			path = SBCycleScrollView;
			sourceTree = "<group>";
		};
		4655B47E20D54AE00010E50D /* Core */ = {
			isa = PBXGroup;
			children = (
				4655B47F20D54AE00010E50D /* SBCollectionViewCell.swift */,
				4655B48020D54AE00010E50D /* UIView+Extension.swift */,
				4655B48120D54AE00010E50D /* SBCycleScrollView.swift */,
			);
			path = Core;
			sourceTree = "<group>";
		};
		4655B48220D54AE00010E50D /* CHIPageControl */ = {
			isa = PBXGroup;
			children = (
				4655B48320D54AE00010E50D /* CHIPageControl.h */,
				4655B48420D54AE00010E50D /* CHIBasePageControl.swift */,
				4655B48520D54AE00010E50D /* CHIPageControlJalapeno.swift */,
				4655B48620D54AE00010E50D /* CHIPageControlAleppo.swift */,
				4655B48720D54AE00010E50D /* CHIPageControlJaloro.swift */,
				4655B48820D54AE00010E50D /* CHIPageControlChimayo.swift */,
				4655B48920D54AE00010E50D /* CHIPageControlPuya.swift */,
				4655B48A20D54AE00010E50D /* CHIPageControllable.swift */,
				4655B48B20D54AE00010E50D /* CHIPageControlPaprika.swift */,
				4655B48C20D54AE00010E50D /* CHIPageControlAji.swift */,
				4655B48D20D54AE00010E50D /* CHILayer.swift */,
				4655B48E20D54AE00010E50D /* Info.plist */,
			);
			path = CHIPageControl;
			sourceTree = "<group>";
		};
		5890FB0998D530CB6CB22235 /* Pods */ = {
			isa = PBXGroup;
			children = (
				57613FEE067D3F6F17F18EDD /* Pods-SBCycleScrollViewDemo.debug.xcconfig */,
				A6E9683E243A5E9D37B02CB6 /* Pods-SBCycleScrollViewDemo.release.xcconfig */,
			);
			name = Pods;
			sourceTree = "<group>";
		};
		CFE68342011B73FF76FF4DA8 /* Frameworks */ = {
			isa = PBXGroup;
			children = (
				D214B81CB6337ECF96CEC751 /* Pods_SBCycleScrollViewDemo.framework */,
			);
			name = Frameworks;
			sourceTree = "<group>";
		};
/* End PBXGroup section */

/* Begin PBXNativeTarget section */
		4655B44B20D54A380010E50D /* SBCycleScrollViewDemo */ = {
			isa = PBXNativeTarget;
			buildConfigurationList = 4655B47420D54A390010E50D /* Build configuration list for PBXNativeTarget "SBCycleScrollViewDemo" */;
			buildPhases = (
				D81B978A8EC199874A7398A9 /* [CP] Check Pods Manifest.lock */,
				4655B44820D54A380010E50D /* Sources */,
				4655B44920D54A380010E50D /* Frameworks */,
				4655B44A20D54A380010E50D /* Resources */,
				80DD2B94FB04BCA018A73E97 /* [CP] Embed Pods Frameworks */,
			);
			buildRules = (
			);
			dependencies = (
			);
			name = SBCycleScrollViewDemo;
			productName = SBCycleScrollViewDemo;
			productReference = 4655B44C20D54A380010E50D /* SBCycleScrollViewDemo.app */;
			productType = "com.apple.product-type.application";
		};
		4655B45F20D54A390010E50D /* SBCycleScrollViewDemoTests */ = {
			isa = PBXNativeTarget;
			buildConfigurationList = 4655B47720D54A390010E50D /* Build configuration list for PBXNativeTarget "SBCycleScrollViewDemoTests" */;
			buildPhases = (
				4655B45C20D54A390010E50D /* Sources */,
				4655B45D20D54A390010E50D /* Frameworks */,
				4655B45E20D54A390010E50D /* Resources */,
			);
			buildRules = (
			);
			dependencies = (
				4655B46220D54A390010E50D /* PBXTargetDependency */,
			);
			name = SBCycleScrollViewDemoTests;
			productName = SBCycleScrollViewDemoTests;
			productReference = 4655B46020D54A390010E50D /* SBCycleScrollViewDemoTests.xctest */;
			productType = "com.apple.product-type.bundle.unit-test";
		};
		4655B46A20D54A390010E50D /* SBCycleScrollViewDemoUITests */ = {
			isa = PBXNativeTarget;
			buildConfigurationList = 4655B47A20D54A390010E50D /* Build configuration list for PBXNativeTarget "SBCycleScrollViewDemoUITests" */;
			buildPhases = (
				4655B46720D54A390010E50D /* Sources */,
				4655B46820D54A390010E50D /* Frameworks */,
				4655B46920D54A390010E50D /* Resources */,
			);
			buildRules = (
			);
			dependencies = (
				4655B46D20D54A390010E50D /* PBXTargetDependency */,
			);
			name = SBCycleScrollViewDemoUITests;
			productName = SBCycleScrollViewDemoUITests;
			productReference = 4655B46B20D54A390010E50D /* SBCycleScrollViewDemoUITests.xctest */;
			productType = "com.apple.product-type.bundle.ui-testing";
		};
/* End PBXNativeTarget section */

/* Begin PBXProject section */
		4655B44420D54A380010E50D /* Project object */ = {
			isa = PBXProject;
			attributes = {
				LastSwiftUpdateCheck = 0930;
				LastUpgradeCheck = 0930;
				ORGANIZATIONNAME = "徐茂怀";
				TargetAttributes = {
					4655B44B20D54A380010E50D = {
						CreatedOnToolsVersion = 9.3;
					};
					4655B45F20D54A390010E50D = {
						CreatedOnToolsVersion = 9.3;
						TestTargetID = 4655B44B20D54A380010E50D;
					};
					4655B46A20D54A390010E50D = {
						CreatedOnToolsVersion = 9.3;
						TestTargetID = 4655B44B20D54A380010E50D;
					};
				};
			};
			buildConfigurationList = 4655B44720D54A380010E50D /* Build configuration list for PBXProject "SBCycleScrollViewDemo" */;
			compatibilityVersion = "Xcode 9.3";
			developmentRegion = en;
			hasScannedForEncodings = 0;
			knownRegions = (
				en,
				Base,
			);
			mainGroup = 4655B44320D54A380010E50D;
			productRefGroup = 4655B44D20D54A380010E50D /* Products */;
			projectDirPath = "";
			projectRoot = "";
			targets = (
				4655B44B20D54A380010E50D /* SBCycleScrollViewDemo */,
				4655B45F20D54A390010E50D /* SBCycleScrollViewDemoTests */,
				4655B46A20D54A390010E50D /* SBCycleScrollViewDemoUITests */,
			);
		};
/* End PBXProject section */

/* Begin PBXResourcesBuildPhase section */
		4655B44A20D54A380010E50D /* Resources */ = {
			isa = PBXResourcesBuildPhase;
			buildActionMask = 2147483647;
			files = (
				4655B49C20D54AE00010E50D /* Info.plist in Resources */,
				4655B45A20D54A390010E50D /* LaunchScreen.storyboard in Resources */,
				4655B4A420D54B090010E50D /* 2.jpg in Resources */,
				4655B4A220D54B090010E50D /* place.jpg in Resources */,
				4655B4A320D54B090010E50D /* 1.jpg in Resources */,
				4655B45720D54A390010E50D /* Assets.xcassets in Resources */,
				4655B45520D54A380010E50D /* Main.storyboard in Resources */,
				4655B4A520D54B0A0010E50D /* 3.jpg in Resources */,
			);
			runOnlyForDeploymentPostprocessing = 0;
		};
		4655B45E20D54A390010E50D /* Resources */ = {
			isa = PBXResourcesBuildPhase;
			buildActionMask = 2147483647;
			files = (
			);
			runOnlyForDeploymentPostprocessing = 0;
		};
		4655B46920D54A390010E50D /* Resources */ = {
			isa = PBXResourcesBuildPhase;
			buildActionMask = 2147483647;
			files = (
			);
			runOnlyForDeploymentPostprocessing = 0;
		};
/* End PBXResourcesBuildPhase section */

/* Begin PBXShellScriptBuildPhase section */
		80DD2B94FB04BCA018A73E97 /* [CP] Embed Pods Frameworks */ = {
			isa = PBXShellScriptBuildPhase;
			buildActionMask = 2147483647;
			files = (
			);
			inputPaths = (
				"${SRCROOT}/Pods/Target Support Files/Pods-SBCycleScrollViewDemo/Pods-SBCycleScrollViewDemo-frameworks.sh",
				"${BUILT_PRODUCTS_DIR}/Kingfisher/Kingfisher.framework",
			);
			name = "[CP] Embed Pods Frameworks";
			outputPaths = (
				"${TARGET_BUILD_DIR}/${FRAMEWORKS_FOLDER_PATH}/Kingfisher.framework",
			);
			runOnlyForDeploymentPostprocessing = 0;
			shellPath = /bin/sh;
			shellScript = "\"${SRCROOT}/Pods/Target Support Files/Pods-SBCycleScrollViewDemo/Pods-SBCycleScrollViewDemo-frameworks.sh\"\n";
			showEnvVarsInLog = 0;
		};
		D81B978A8EC199874A7398A9 /* [CP] Check Pods Manifest.lock */ = {
			isa = PBXShellScriptBuildPhase;
			buildActionMask = 2147483647;
			files = (
			);
			inputPaths = (
				"${PODS_PODFILE_DIR_PATH}/Podfile.lock",
				"${PODS_ROOT}/Manifest.lock",
			);
			name = "[CP] Check Pods Manifest.lock";
			outputPaths = (
				"$(DERIVED_FILE_DIR)/Pods-SBCycleScrollViewDemo-checkManifestLockResult.txt",
			);
			runOnlyForDeploymentPostprocessing = 0;
			shellPath = /bin/sh;
			shellScript = "diff \"${PODS_PODFILE_DIR_PATH}/Podfile.lock\" \"${PODS_ROOT}/Manifest.lock\" > /dev/null\nif [ $? != 0 ] ; then\n    # print error to STDERR\n    echo \"error: The sandbox is not in sync with the Podfile.lock. Run 'pod install' or update your CocoaPods installation.\" >&2\n    exit 1\nfi\n# This output is used by Xcode 'outputs' to avoid re-running this script phase.\necho \"SUCCESS\" > \"${SCRIPT_OUTPUT_FILE_0}\"\n";
			showEnvVarsInLog = 0;
		};
/* End PBXShellScriptBuildPhase section */

/* Begin PBXSourcesBuildPhase section */
		4655B44820D54A380010E50D /* Sources */ = {
			isa = PBXSourcesBuildPhase;
			buildActionMask = 2147483647;
			files = (
				4655B49620D54AE00010E50D /* CHIPageControlChimayo.swift in Sources */,
				4655B49420D54AE00010E50D /* CHIPageControlAleppo.swift in Sources */,
				4655B49A20D54AE00010E50D /* CHIPageControlAji.swift in Sources */,
				4655B45220D54A380010E50D /* ViewController.swift in Sources */,
				4655B49920D54AE00010E50D /* CHIPageControlPaprika.swift in Sources */,
				4655B49720D54AE00010E50D /* CHIPageControlPuya.swift in Sources */,
				4655B49320D54AE00010E50D /* CHIPageControlJalapeno.swift in Sources */,
				4655B48F20D54AE00010E50D /* SBCollectionViewCell.swift in Sources */,
				4655B49220D54AE00010E50D /* CHIBasePageControl.swift in Sources */,
				4655B49020D54AE00010E50D /* UIView+Extension.swift in Sources */,
				4655B45020D54A380010E50D /* AppDelegate.swift in Sources */,
				4655B49520D54AE00010E50D /* CHIPageControlJaloro.swift in Sources */,
				4655B49820D54AE00010E50D /* CHIPageControllable.swift in Sources */,
				4655B49B20D54AE00010E50D /* CHILayer.swift in Sources */,
				4655B4A620D54B0A0010E50D /* DemoCell.swift in Sources */,
				4655B49120D54AE00010E50D /* SBCycleScrollView.swift in Sources */,
			);
			runOnlyForDeploymentPostprocessing = 0;
		};
		4655B45C20D54A390010E50D /* Sources */ = {
			isa = PBXSourcesBuildPhase;
			buildActionMask = 2147483647;
			files = (
				4655B46520D54A390010E50D /* SBCycleScrollViewDemoTests.swift in Sources */,
			);
			runOnlyForDeploymentPostprocessing = 0;
		};
		4655B46720D54A390010E50D /* Sources */ = {
			isa = PBXSourcesBuildPhase;
			buildActionMask = 2147483647;
			files = (
				4655B47020D54A390010E50D /* SBCycleScrollViewDemoUITests.swift in Sources */,
			);
			runOnlyForDeploymentPostprocessing = 0;
		};
/* End PBXSourcesBuildPhase section */

/* Begin PBXTargetDependency section */
		4655B46220D54A390010E50D /* PBXTargetDependency */ = {
			isa = PBXTargetDependency;
			target = 4655B44B20D54A380010E50D /* SBCycleScrollViewDemo */;
			targetProxy = 4655B46120D54A390010E50D /* PBXContainerItemProxy */;
		};
		4655B46D20D54A390010E50D /* PBXTargetDependency */ = {
			isa = PBXTargetDependency;
			target = 4655B44B20D54A380010E50D /* SBCycleScrollViewDemo */;
			targetProxy = 4655B46C20D54A390010E50D /* PBXContainerItemProxy */;
		};
/* End PBXTargetDependency section */

/* Begin PBXVariantGroup section */
		4655B45320D54A380010E50D /* Main.storyboard */ = {
			isa = PBXVariantGroup;
			children = (
				4655B45420D54A380010E50D /* Base */,
			);
			name = Main.storyboard;
			sourceTree = "<group>";
		};
		4655B45820D54A390010E50D /* LaunchScreen.storyboard */ = {
			isa = PBXVariantGroup;
			children = (
				4655B45920D54A390010E50D /* Base */,
			);
			name = LaunchScreen.storyboard;
			sourceTree = "<group>";
		};
/* End PBXVariantGroup section */

/* Begin XCBuildConfiguration section */
		4655B47220D54A390010E50D /* Debug */ = {
			isa = XCBuildConfiguration;
			buildSettings = {
				ALWAYS_SEARCH_USER_PATHS = NO;
				CLANG_ANALYZER_NONNULL = YES;
				CLANG_ANALYZER_NUMBER_OBJECT_CONVERSION = YES_AGGRESSIVE;
				CLANG_CXX_LANGUAGE_STANDARD = "gnu++14";
				CLANG_CXX_LIBRARY = "libc++";
				CLANG_ENABLE_MODULES = YES;
				CLANG_ENABLE_OBJC_ARC = YES;
				CLANG_ENABLE_OBJC_WEAK = YES;
				CLANG_WARN_BLOCK_CAPTURE_AUTORELEASING = YES;
				CLANG_WARN_BOOL_CONVERSION = YES;
				CLANG_WARN_COMMA = YES;
				CLANG_WARN_CONSTANT_CONVERSION = YES;
				CLANG_WARN_DEPRECATED_OBJC_IMPLEMENTATIONS = YES;
				CLANG_WARN_DIRECT_OBJC_ISA_USAGE = YES_ERROR;
				CLANG_WARN_DOCUMENTATION_COMMENTS = YES;
				CLANG_WARN_EMPTY_BODY = YES;
				CLANG_WARN_ENUM_CONVERSION = YES;
				CLANG_WARN_INFINITE_RECURSION = YES;
				CLANG_WARN_INT_CONVERSION = YES;
				CLANG_WARN_NON_LITERAL_NULL_CONVERSION = YES;
				CLANG_WARN_OBJC_IMPLICIT_RETAIN_SELF = YES;
				CLANG_WARN_OBJC_LITERAL_CONVERSION = YES;
				CLANG_WARN_OBJC_ROOT_CLASS = YES_ERROR;
				CLANG_WARN_RANGE_LOOP_ANALYSIS = YES;
				CLANG_WARN_STRICT_PROTOTYPES = YES;
				CLANG_WARN_SUSPICIOUS_MOVE = YES;
				CLANG_WARN_UNGUARDED_AVAILABILITY = YES_AGGRESSIVE;
				CLANG_WARN_UNREACHABLE_CODE = YES;
				CLANG_WARN__DUPLICATE_METHOD_MATCH = YES;
				CODE_SIGN_IDENTITY = "iPhone Developer";
				COPY_PHASE_STRIP = NO;
				DEBUG_INFORMATION_FORMAT = dwarf;
				ENABLE_STRICT_OBJC_MSGSEND = YES;
				ENABLE_TESTABILITY = YES;
				GCC_C_LANGUAGE_STANDARD = gnu11;
				GCC_DYNAMIC_NO_PIC = NO;
				GCC_NO_COMMON_BLOCKS = YES;
				GCC_OPTIMIZATION_LEVEL = 0;
				GCC_PREPROCESSOR_DEFINITIONS = (
					"DEBUG=1",
					"$(inherited)",
				);
				GCC_WARN_64_TO_32_BIT_CONVERSION = YES;
				GCC_WARN_ABOUT_RETURN_TYPE = YES_ERROR;
				GCC_WARN_UNDECLARED_SELECTOR = YES;
				GCC_WARN_UNINITIALIZED_AUTOS = YES_AGGRESSIVE;
				GCC_WARN_UNUSED_FUNCTION = YES;
				GCC_WARN_UNUSED_VARIABLE = YES;
				IPHONEOS_DEPLOYMENT_TARGET = 11.3;
				MTL_ENABLE_DEBUG_INFO = YES;
				ONLY_ACTIVE_ARCH = YES;
				SDKROOT = iphoneos;
				SWIFT_ACTIVE_COMPILATION_CONDITIONS = DEBUG;
				SWIFT_OPTIMIZATION_LEVEL = "-Onone";
			};
			name = Debug;
		};
		4655B47320D54A390010E50D /* Release */ = {
			isa = XCBuildConfiguration;
			buildSettings = {
				ALWAYS_SEARCH_USER_PATHS = NO;
				CLANG_ANALYZER_NONNULL = YES;
				CLANG_ANALYZER_NUMBER_OBJECT_CONVERSION = YES_AGGRESSIVE;
				CLANG_CXX_LANGUAGE_STANDARD = "gnu++14";
				CLANG_CXX_LIBRARY = "libc++";
				CLANG_ENABLE_MODULES = YES;
				CLANG_ENABLE_OBJC_ARC = YES;
				CLANG_ENABLE_OBJC_WEAK = YES;
				CLANG_WARN_BLOCK_CAPTURE_AUTORELEASING = YES;
				CLANG_WARN_BOOL_CONVERSION = YES;
				CLANG_WARN_COMMA = YES;
				CLANG_WARN_CONSTANT_CONVERSION = YES;
				CLANG_WARN_DEPRECATED_OBJC_IMPLEMENTATIONS = YES;
				CLANG_WARN_DIRECT_OBJC_ISA_USAGE = YES_ERROR;
				CLANG_WARN_DOCUMENTATION_COMMENTS = YES;
				CLANG_WARN_EMPTY_BODY = YES;
				CLANG_WARN_ENUM_CONVERSION = YES;
				CLANG_WARN_INFINITE_RECURSION = YES;
				CLANG_WARN_INT_CONVERSION = YES;
				CLANG_WARN_NON_LITERAL_NULL_CONVERSION = YES;
				CLANG_WARN_OBJC_IMPLICIT_RETAIN_SELF = YES;
				CLANG_WARN_OBJC_LITERAL_CONVERSION = YES;
				CLANG_WARN_OBJC_ROOT_CLASS = YES_ERROR;
				CLANG_WARN_RANGE_LOOP_ANALYSIS = YES;
				CLANG_WARN_STRICT_PROTOTYPES = YES;
				CLANG_WARN_SUSPICIOUS_MOVE = YES;
				CLANG_WARN_UNGUARDED_AVAILABILITY = YES_AGGRESSIVE;
				CLANG_WARN_UNREACHABLE_CODE = YES;
				CLANG_WARN__DUPLICATE_METHOD_MATCH = YES;
				CODE_SIGN_IDENTITY = "iPhone Developer";
				COPY_PHASE_STRIP = NO;
				DEBUG_INFORMATION_FORMAT = "dwarf-with-dsym";
				ENABLE_NS_ASSERTIONS = NO;
				ENABLE_STRICT_OBJC_MSGSEND = YES;
				GCC_C_LANGUAGE_STANDARD = gnu11;
				GCC_NO_COMMON_BLOCKS = YES;
				GCC_WARN_64_TO_32_BIT_CONVERSION = YES;
				GCC_WARN_ABOUT_RETURN_TYPE = YES_ERROR;
				GCC_WARN_UNDECLARED_SELECTOR = YES;
				GCC_WARN_UNINITIALIZED_AUTOS = YES_AGGRESSIVE;
				GCC_WARN_UNUSED_FUNCTION = YES;
				GCC_WARN_UNUSED_VARIABLE = YES;
				IPHONEOS_DEPLOYMENT_TARGET = 11.3;
				MTL_ENABLE_DEBUG_INFO = NO;
				SDKROOT = iphoneos;
				SWIFT_COMPILATION_MODE = wholemodule;
				SWIFT_OPTIMIZATION_LEVEL = "-O";
				VALIDATE_PRODUCT = YES;
			};
			name = Release;
		};
		4655B47520D54A390010E50D /* Debug */ = {
			isa = XCBuildConfiguration;
			baseConfigurationReference = 57613FEE067D3F6F17F18EDD /* Pods-SBCycleScrollViewDemo.debug.xcconfig */;
			buildSettings = {
				ASSETCATALOG_COMPILER_APPICON_NAME = AppIcon;
				CODE_SIGN_STYLE = Automatic;
				DEVELOPMENT_TEAM = 6EUCP69KUN;
				INFOPLIST_FILE = SBCycleScrollViewDemo/Info.plist;
				LD_RUNPATH_SEARCH_PATHS = (
					"$(inherited)",
					"@executable_path/Frameworks",
				);
				PRODUCT_BUNDLE_IDENTIFIER = com.qidian.star.SBCycleScrollViewDemo;
				PRODUCT_NAME = "$(TARGET_NAME)";
				SWIFT_VERSION = 4.0;
				TARGETED_DEVICE_FAMILY = "1,2";
			};
			name = Debug;
		};
		4655B47620D54A390010E50D /* Release */ = {
			isa = XCBuildConfiguration;
			baseConfigurationReference = A6E9683E243A5E9D37B02CB6 /* Pods-SBCycleScrollViewDemo.release.xcconfig */;
			buildSettings = {
				ASSETCATALOG_COMPILER_APPICON_NAME = AppIcon;
				CODE_SIGN_STYLE = Automatic;
				DEVELOPMENT_TEAM = 6EUCP69KUN;
				INFOPLIST_FILE = SBCycleScrollViewDemo/Info.plist;
				LD_RUNPATH_SEARCH_PATHS = (
					"$(inherited)",
					"@executable_path/Frameworks",
				);
				PRODUCT_BUNDLE_IDENTIFIER = com.qidian.star.SBCycleScrollViewDemo;
				PRODUCT_NAME = "$(TARGET_NAME)";
				SWIFT_VERSION = 4.0;
				TARGETED_DEVICE_FAMILY = "1,2";
			};
			name = Release;
		};
		4655B47820D54A390010E50D /* Debug */ = {
			isa = XCBuildConfiguration;
			buildSettings = {
				ALWAYS_EMBED_SWIFT_STANDARD_LIBRARIES = YES;
				BUNDLE_LOADER = "$(TEST_HOST)";
				CODE_SIGN_STYLE = Automatic;
				DEVELOPMENT_TEAM = 6EUCP69KUN;
				INFOPLIST_FILE = SBCycleScrollViewDemoTests/Info.plist;
				LD_RUNPATH_SEARCH_PATHS = (
					"$(inherited)",
					"@executable_path/Frameworks",
					"@loader_path/Frameworks",
				);
				PRODUCT_BUNDLE_IDENTIFIER = com.qidian.star.SBCycleScrollViewDemoTests;
				PRODUCT_NAME = "$(TARGET_NAME)";
				SWIFT_VERSION = 4.0;
				TARGETED_DEVICE_FAMILY = "1,2";
				TEST_HOST = "$(BUILT_PRODUCTS_DIR)/SBCycleScrollViewDemo.app/SBCycleScrollViewDemo";
			};
			name = Debug;
		};
		4655B47920D54A390010E50D /* Release */ = {
			isa = XCBuildConfiguration;
			buildSettings = {
				ALWAYS_EMBED_SWIFT_STANDARD_LIBRARIES = YES;
				BUNDLE_LOADER = "$(TEST_HOST)";
				CODE_SIGN_STYLE = Automatic;
				DEVELOPMENT_TEAM = 6EUCP69KUN;
				INFOPLIST_FILE = SBCycleScrollViewDemoTests/Info.plist;
				LD_RUNPATH_SEARCH_PATHS = (
					"$(inherited)",
					"@executable_path/Frameworks",
					"@loader_path/Frameworks",
				);
				PRODUCT_BUNDLE_IDENTIFIER = com.qidian.star.SBCycleScrollViewDemoTests;
				PRODUCT_NAME = "$(TARGET_NAME)";
				SWIFT_VERSION = 4.0;
				TARGETED_DEVICE_FAMILY = "1,2";
				TEST_HOST = "$(BUILT_PRODUCTS_DIR)/SBCycleScrollViewDemo.app/SBCycleScrollViewDemo";
			};
			name = Release;
		};
		4655B47B20D54A390010E50D /* Debug */ = {
			isa = XCBuildConfiguration;
			buildSettings = {
				ALWAYS_EMBED_SWIFT_STANDARD_LIBRARIES = YES;
				CODE_SIGN_STYLE = Automatic;
				DEVELOPMENT_TEAM = 6EUCP69KUN;
				INFOPLIST_FILE = SBCycleScrollViewDemoUITests/Info.plist;
				LD_RUNPATH_SEARCH_PATHS = (
					"$(inherited)",
					"@executable_path/Frameworks",
					"@loader_path/Frameworks",
				);
				PRODUCT_BUNDLE_IDENTIFIER = com.qidian.star.SBCycleScrollViewDemoUITests;
				PRODUCT_NAME = "$(TARGET_NAME)";
				SWIFT_VERSION = 4.0;
				TARGETED_DEVICE_FAMILY = "1,2";
				TEST_TARGET_NAME = SBCycleScrollViewDemo;
			};
			name = Debug;
		};
		4655B47C20D54A390010E50D /* Release */ = {
			isa = XCBuildConfiguration;
			buildSettings = {
				ALWAYS_EMBED_SWIFT_STANDARD_LIBRARIES = YES;
				CODE_SIGN_STYLE = Automatic;
				DEVELOPMENT_TEAM = 6EUCP69KUN;
				INFOPLIST_FILE = SBCycleScrollViewDemoUITests/Info.plist;
				LD_RUNPATH_SEARCH_PATHS = (
					"$(inherited)",
					"@executable_path/Frameworks",
					"@loader_path/Frameworks",
				);
				PRODUCT_BUNDLE_IDENTIFIER = com.qidian.star.SBCycleScrollViewDemoUITests;
				PRODUCT_NAME = "$(TARGET_NAME)";
				SWIFT_VERSION = 4.0;
				TARGETED_DEVICE_FAMILY = "1,2";
				TEST_TARGET_NAME = SBCycleScrollViewDemo;
			};
			name = Release;
		};
/* End XCBuildConfiguration section */

/* Begin XCConfigurationList section */
		4655B44720D54A380010E50D /* Build configuration list for PBXProject "SBCycleScrollViewDemo" */ = {
			isa = XCConfigurationList;
			buildConfigurations = (
				4655B47220D54A390010E50D /* Debug */,
				4655B47320D54A390010E50D /* Release */,
			);
			defaultConfigurationIsVisible = 0;
			defaultConfigurationName = Release;
		};
		4655B47420D54A390010E50D /* Build configuration list for PBXNativeTarget "SBCycleScrollViewDemo" */ = {
			isa = XCConfigurationList;
			buildConfigurations = (
				4655B47520D54A390010E50D /* Debug */,
				4655B47620D54A390010E50D /* Release */,
			);
			defaultConfigurationIsVisible = 0;
			defaultConfigurationName = Release;
		};
		4655B47720D54A390010E50D /* Build configuration list for PBXNativeTarget "SBCycleScrollViewDemoTests" */ = {
			isa = XCConfigurationList;
			buildConfigurations = (
				4655B47820D54A390010E50D /* Debug */,
				4655B47920D54A390010E50D /* Release */,
			);
			defaultConfigurationIsVisible = 0;
			defaultConfigurationName = Release;
		};
		4655B47A20D54A390010E50D /* Build configuration list for PBXNativeTarget "SBCycleScrollViewDemoUITests" */ = {
			isa = XCConfigurationList;
			buildConfigurations = (
				4655B47B20D54A390010E50D /* Debug */,
				4655B47C20D54A390010E50D /* Release */,
			);
			defaultConfigurationIsVisible = 0;
			defaultConfigurationName = Release;
		};
/* End XCConfigurationList section */
	};
	rootObject = 4655B44420D54A380010E50D /* Project object */;
}
